
Microsoft Visual Studio Solution File, Format Version 12.00
# Visual Studio Version 17
VisualStudioVersion = 17.3.32811.315
MinimumVisualStudioVersion = 10.0.40219.1
Project("{FAE04EC0-301F-11D3-BF4B-00C04F79EFBC}") = "Lista2PR2", "Lista2PR2\Lista2PR2.csproj", "{6195360D-AB04-4336-B31B-167C1EFA33F7}"
EndProject
Global
	GlobalSection(SolutionConfigurationPlatforms) = preSolution
		Debug|Any CPU = Debug|Any CPU
		Release|Any CPU = Release|Any CPU
	EndGlobalSection
	GlobalSection(ProjectConfigurationPlatforms) = postSolution
		{6195360D-AB04-4336-B31B-167C1EFA33F7}.Debug|Any CPU.ActiveCfg = Debug|Any CPU
		{6195360D-AB04-4336-B31B-167C1EFA33F7}.Debug|Any CPU.Build.0 = Debug|Any CPU
		{6195360D-AB04-4336-B31B-167C1EFA33F7}.Release|Any CPU.ActiveCfg = Release|Any CPU
		{6195360D-AB04-4336-B31B-167C1EFA33F7}.Release|Any CPU.Build.0 = Release|Any CPU
	EndGlobalSection
	GlobalSection(SolutionProperties) = preSolution
		HideSolutionNode = FALSE
	EndGlobalSection
	GlobalSection(ExtensibilityGlobals) = postSolution
		SolutionGuid = {FF42FFAF-89E9-4585-AA4C-A8349FCDED17}
	EndGlobalSection
EndGlobal
